{
  "nodes": {
    "chaotic": {
      "inputs": {
        "compare-to": "compare-to",
        "flake-schemas": "flake-schemas",
        "home-manager": "home-manager",
        "jovian": "jovian",
        "nixpkgs": "nixpkgs",
        "systems": "systems",
        "yafas": "yafas"
      },
      "locked": {
        "lastModified": 1720897497,
        "narHash": "sha256-8iIDP5dIVa+gGYoXyid5jd9T7qK7W3bd7GnydU5BsD8=",
        "owner": "chaotic-cx",
        "repo": "nyx",
        "rev": "73b33413b5cf7f089512107c3babd89a1c825308",
        "type": "github"
      },
      "original": {
        "owner": "chaotic-cx",
        "ref": "nyxpkgs-unstable",
        "repo": "nyx",
        "type": "github"
      }
    },
    "compare-to": {
      "locked": {
        "lastModified": 1695341185,
        "narHash": "sha256-htO6DSbWyCgaDkxi7foPjXwJFPzGjVt3RRUbPSpNtZY=",
        "rev": "98b8e330823a3570d328720f87a1153f8a7f2224",
        "revCount": 2,
        "type": "tarball",
        "url": "https://api.flakehub.com/f/pinned/chaotic-cx/nix-empty-flake/0.1.2%2Brev-98b8e330823a3570d328720f87a1153f8a7f2224/018aba35-d228-7fa9-b205-7616c89ef4e0/source.tar.gz"
      },
      "original": {
        "type": "tarball",
        "url": "https://flakehub.com/f/chaotic-cx/nix-empty-flake/%3D0.1.2.tar.gz"
      }
    },
    "flake-compat": {
      "flake": false,
      "locked": {
        "lastModified": 1696426674,
        "narHash": "sha256-kvjfFW7WAETZlt09AgDn1MrtKzP7t90Vf7vypd3OL1U=",
        "owner": "edolstra",
        "repo": "flake-compat",
        "rev": "0f9255e01c2351cc7d116c072cb317785dd33b33",
        "type": "github"
      },
      "original": {
        "owner": "edolstra",
        "repo": "flake-compat",
        "type": "github"
      }
    },
    "flake-compat_2": {
      "flake": false,
      "locked": {
        "lastModified": 1696426674,
        "narHash": "sha256-kvjfFW7WAETZlt09AgDn1MrtKzP7t90Vf7vypd3OL1U=",
        "owner": "edolstra",
        "repo": "flake-compat",
        "rev": "0f9255e01c2351cc7d116c072cb317785dd33b33",
        "type": "github"
      },
      "original": {
        "owner": "edolstra",
        "repo": "flake-compat",
        "type": "github"
      }
    },
    "flake-parts": {
      "inputs": {
        "nixpkgs-lib": "nixpkgs-lib"
      },
      "locked": {
        "lastModified": 1719994518,
        "narHash": "sha256-pQMhCCHyQGRzdfAkdJ4cIWiw+JNuWsTX7f0ZYSyz0VY=",
        "owner": "hercules-ci",
        "repo": "flake-parts",
        "rev": "9227223f6d922fee3c7b190b2cc238a99527bbb7",
        "type": "github"
      },
      "original": {
        "owner": "hercules-ci",
        "repo": "flake-parts",
        "type": "github"
      }
    },
    "flake-parts_2": {
      "inputs": {
        "nixpkgs-lib": [
          "prismlauncher",
          "nixpkgs"
        ]
      },
      "locked": {
        "lastModified": 1719994518,
        "narHash": "sha256-pQMhCCHyQGRzdfAkdJ4cIWiw+JNuWsTX7f0ZYSyz0VY=",
        "owner": "hercules-ci",
        "repo": "flake-parts",
        "rev": "9227223f6d922fee3c7b190b2cc238a99527bbb7",
        "type": "github"
      },
      "original": {
        "owner": "hercules-ci",
        "repo": "flake-parts",
        "type": "github"
      }
    },
    "flake-schemas": {
      "locked": {
        "lastModified": 1693491534,
        "narHash": "sha256-ifw8Td8kD08J8DxFbYjeIx5naHcDLz7s2IFP3X42I/U=",
        "rev": "c702cbb663d6d70bbb716584a2ee3aeb35017279",
        "revCount": 21,
        "type": "tarball",
        "url": "https://api.flakehub.com/f/pinned/DeterminateSystems/flake-schemas/0.1.1/018a4c59-80e1-708a-bb4d-854930c20f72/source.tar.gz"
      },
      "original": {
        "type": "tarball",
        "url": "https://flakehub.com/f/DeterminateSystems/flake-schemas/%3D0.1.1.tar.gz"
      }
    },
    "gitignore": {
      "inputs": {
        "nixpkgs": [
          "prismlauncher",
          "pre-commit-hooks",
          "nixpkgs"
        ]
      },
      "locked": {
        "lastModified": 1709087332,
        "narHash": "sha256-HG2cCnktfHsKV0s4XW83gU3F57gaTljL9KNSuG6bnQs=",
        "owner": "hercules-ci",
        "repo": "gitignore.nix",
        "rev": "637db329424fd7e46cf4185293b9cc8c88c95394",
        "type": "github"
      },
      "original": {
        "owner": "hercules-ci",
        "repo": "gitignore.nix",
        "type": "github"
      }
    },
    "home-manager": {
      "inputs": {
        "nixpkgs": [
          "chaotic",
          "nixpkgs"
        ]
      },
      "locked": {
        "lastModified": 1720470846,
        "narHash": "sha256-7ftA4Bv5KfH4QdTRxqe8/Hz2YTKo+7IQ9n7vbNWgv28=",
        "owner": "nix-community",
        "repo": "home-manager",
        "rev": "2fb5c1e0a17bc6059fa09dc411a43d75f35bb192",
        "type": "github"
      },
      "original": {
        "owner": "nix-community",
        "repo": "home-manager",
        "type": "github"
      }
    },
    "home-manager_2": {
      "inputs": {
        "nixpkgs": [
          "nixpkgs"
        ]
      },
      "locked": {
        "lastModified": 1720734513,
        "narHash": "sha256-neWQ8eNtLTd+YMesb7WjKl1SVCbDyCm46LUgP/g/hdo=",
        "owner": "nix-community",
        "repo": "home-manager",
        "rev": "90ae324e2c56af10f20549ab72014804a3064c7f",
        "type": "github"
      },
      "original": {
        "owner": "nix-community",
        "repo": "home-manager",
        "type": "github"
      }
    },
    "hyprcursor": {
      "inputs": {
        "hyprlang": "hyprlang",
        "nixpkgs": [
          "nixpkgs"
        ],
        "systems": "systems_2"
      },
      "locked": {
        "lastModified": 1720108799,
        "narHash": "sha256-AxRkTJlbB8r7aG6gvc7IaLhc2T9TO4/8uqanKRxukBQ=",
        "owner": "hyprwm",
        "repo": "hyprcursor",
        "rev": "a5c0d57325c5f0814c39110a70ca19c070ae9486",
        "type": "github"
      },
      "original": {
        "owner": "hyprwm",
        "repo": "hyprcursor",
        "type": "github"
      }
    },
    "hyprcursor_2": {
      "inputs": {
        "hyprlang": [
          "hyprland",
          "hyprlang"
        ],
        "nixpkgs": [
          "hyprland",
          "nixpkgs"
        ],
        "systems": [
          "hyprland",
          "systems"
        ]
      },
      "locked": {
        "lastModified": 1716576411,
        "narHash": "sha256-FIN1wMoyePBTtibCbaeJaoKNLuAYIGwLCWAYC1DJanw=",
        "owner": "hyprwm",
        "repo": "hyprcursor",
        "rev": "57298fc4f13c807e50ada2c986a3114b7fc2e621",
        "type": "github"
      },
      "original": {
        "owner": "hyprwm",
        "repo": "hyprcursor",
        "type": "github"
      }
    },
    "hyprland": {
      "inputs": {
        "hyprcursor": "hyprcursor_2",
        "hyprlang": "hyprlang_2",
        "hyprwayland-scanner": "hyprwayland-scanner",
        "nixpkgs": [
          "nixpkgs"
        ],
        "systems": "systems_3",
        "xdph": "xdph"
      },
      "locked": {
        "lastModified": 1717784649,
        "narHash": "sha256-rU23X1kppflHachNGlwjjVNtz5haTVgFAUrrQjRE1o0=",
        "ref": "refs/heads/main",
        "rev": "c31d9ef4172452f6f219f91d9b87a24d91f0cf3a",
        "revCount": 4774,
        "submodules": true,
        "type": "git",
        "url": "https://github.com/hyprwm/Hyprland"
      },
      "original": {
        "rev": "c31d9ef4172452f6f219f91d9b87a24d91f0cf3a",
        "submodules": true,
        "type": "git",
        "url": "https://github.com/hyprwm/Hyprland"
      }
    },
    "hyprland-protocols": {
      "inputs": {
        "nixpkgs": [
          "hyprland",
          "xdph",
          "nixpkgs"
        ],
        "systems": [
          "hyprland",
          "xdph",
          "systems"
        ]
      },
      "locked": {
        "lastModified": 1691753796,
        "narHash": "sha256-zOEwiWoXk3j3+EoF3ySUJmberFewWlagvewDRuWYAso=",
        "owner": "hyprwm",
        "repo": "hyprland-protocols",
        "rev": "0c2ce70625cb30aef199cb388f99e19a61a6ce03",
        "type": "github"
      },
      "original": {
        "owner": "hyprwm",
        "repo": "hyprland-protocols",
        "type": "github"
      }
    },
    "hyprland-protocols_2": {
      "inputs": {
        "nixpkgs": [
          "xdg-desktop-portal-hyprland",
          "nixpkgs"
        ],
        "systems": [
          "xdg-desktop-portal-hyprland",
          "systems"
        ]
      },
      "locked": {
        "lastModified": 1718746314,
        "narHash": "sha256-HUklK5u86w2Yh9dOkk4FdsL8eehcOZ95jPhLixGDRQY=",
        "owner": "hyprwm",
        "repo": "hyprland-protocols",
        "rev": "1b61f0093afff20ab44d88ad707aed8bf2215290",
        "type": "github"
      },
      "original": {
        "owner": "hyprwm",
        "repo": "hyprland-protocols",
        "type": "github"
      }
    },
    "hyprlang": {
      "inputs": {
        "nixpkgs": [
          "hyprcursor",
          "nixpkgs"
        ],
        "systems": [
          "hyprcursor",
          "systems"
        ]
      },
      "locked": {
        "lastModified": 1713121246,
        "narHash": "sha256-502X0Q0fhN6tJK7iEUA8CghONKSatW/Mqj4Wappd++0=",
        "owner": "hyprwm",
        "repo": "hyprlang",
        "rev": "78fcaa27ae9e1d782faa3ff06c8ea55ddce63706",
        "type": "github"
      },
      "original": {
        "owner": "hyprwm",
        "repo": "hyprlang",
        "type": "github"
      }
    },
    "hyprlang_2": {
      "inputs": {
        "nixpkgs": [
          "hyprland",
          "nixpkgs"
        ],
        "systems": [
          "hyprland",
          "systems"
        ]
      },
      "locked": {
        "lastModified": 1716473782,
        "narHash": "sha256-+qLn4lsHU6iL3+HTo1gTQ1tWzet8K9h+IfVemzEQZj8=",
        "owner": "hyprwm",
        "repo": "hyprlang",
        "rev": "87d5d984109c839482b88b4795db073eb9ed446f",
        "type": "github"
      },
      "original": {
        "owner": "hyprwm",
        "repo": "hyprlang",
        "type": "github"
      }
    },
    "hyprlang_3": {
      "inputs": {
        "hyprutils": "hyprutils",
        "nixpkgs": [
          "xdg-desktop-portal-hyprland",
          "nixpkgs"
        ],
        "systems": "systems_5"
      },
      "locked": {
        "lastModified": 1717881852,
        "narHash": "sha256-XeeVoKHQgfKuXoP6q90sUqKyl7EYy3ol2dVZGM+Jj94=",
        "owner": "hyprwm",
        "repo": "hyprlang",
        "rev": "ec6938c66253429192274d612912649a0cfe4d28",
        "type": "github"
      },
      "original": {
        "owner": "hyprwm",
        "repo": "hyprlang",
        "type": "github"
      }
    },
    "hyprutils": {
      "inputs": {
        "nixpkgs": [
          "xdg-desktop-portal-hyprland",
          "hyprlang",
          "nixpkgs"
        ],
        "systems": [
          "xdg-desktop-portal-hyprland",
          "hyprlang",
          "systems"
        ]
      },
      "locked": {
        "lastModified": 1717881334,
        "narHash": "sha256-a0inRgJhPL6v9v7RPM/rx1kbXdfe3xJA1c9z0ZkYnh4=",
        "owner": "hyprwm",
        "repo": "hyprutils",
        "rev": "0693f9398ab693d89c9a0aa3b3d062dd61b7a60e",
        "type": "github"
      },
      "original": {
        "owner": "hyprwm",
        "repo": "hyprutils",
        "type": "github"
      }
    },
    "hyprwayland-scanner": {
      "inputs": {
        "nixpkgs": [
          "hyprland",
          "nixpkgs"
        ],
        "systems": [
          "hyprland",
          "systems"
        ]
      },
      "locked": {
        "lastModified": 1716058375,
        "narHash": "sha256-CwjWoVnBZE5SBpRx9dgSQGCr4Goxyfcyv3zZbOhVqzk=",
        "owner": "hyprwm",
        "repo": "hyprwayland-scanner",
        "rev": "3afed4364790aebe0426077631af1e164a9650cc",
        "type": "github"
      },
      "original": {
        "owner": "hyprwm",
        "repo": "hyprwayland-scanner",
        "type": "github"
      }
    },
    "jovian": {
      "inputs": {
        "nix-github-actions": "nix-github-actions",
        "nixpkgs": [
          "chaotic",
          "nixpkgs"
        ]
      },
      "locked": {
        "lastModified": 1720432056,
        "narHash": "sha256-rw8s4EsRSVtlAGNd5ttO4Ynb/eq0rMJsqG9zyREK3sk=",
        "owner": "Jovian-Experiments",
        "repo": "Jovian-NixOS",
        "rev": "5d1928b925da7390eae3e369e6808d64cf916ed7",
        "type": "github"
      },
      "original": {
        "owner": "Jovian-Experiments",
        "repo": "Jovian-NixOS",
        "type": "github"
      }
    },
    "libnbtplusplus": {
      "flake": false,
      "locked": {
        "lastModified": 1699286814,
        "narHash": "sha256-yy0q+bky80LtK1GWzz7qpM+aAGrOqLuewbid8WT1ilk=",
        "owner": "PrismLauncher",
        "repo": "libnbtplusplus",
        "rev": "23b955121b8217c1c348a9ed2483167a6f3ff4ad",
        "type": "github"
      },
      "original": {
        "owner": "PrismLauncher",
        "repo": "libnbtplusplus",
        "type": "github"
      }
    },
    "nix-gaming": {
      "inputs": {
        "flake-parts": "flake-parts",
        "nixpkgs": [
          "nixpkgs"
        ]
      },
      "locked": {
        "lastModified": 1720920199,
        "narHash": "sha256-0dNwRhtUVQha5S+NFeoeMXEt/6v0x56DCdyUk+vEFeY=",
        "owner": "fufexan",
        "repo": "nix-gaming",
        "rev": "fce565402d5b1ed4e92c4a9dfcd094d0172d8f0b",
        "type": "github"
      },
      "original": {
        "owner": "fufexan",
        "repo": "nix-gaming",
        "type": "github"
      }
    },
    "nix-github-actions": {
      "inputs": {
        "nixpkgs": [
          "chaotic",
          "jovian",
          "nixpkgs"
        ]
      },
      "locked": {
        "lastModified": 1690328911,
        "narHash": "sha256-fxtExYk+aGf2YbjeWQ8JY9/n9dwuEt+ma1eUFzF8Jeo=",
        "owner": "zhaofengli",
        "repo": "nix-github-actions",
        "rev": "96df4a39c52f53cb7098b923224d8ce941b64747",
        "type": "github"
      },
      "original": {
        "owner": "zhaofengli",
        "ref": "matrix-name",
        "repo": "nix-github-actions",
        "type": "github"
      }
    },
    "nixpkgs": {
      "locked": {
        "lastModified": 1720768451,
        "narHash": "sha256-EYekUHJE2gxeo2pM/zM9Wlqw1Uw2XTJXOSAO79ksc4Y=",
        "owner": "NixOS",
        "repo": "nixpkgs",
        "rev": "7e7c39ea35c5cdd002cd4588b03a3fb9ece6fad9",
        "type": "github"
      },
      "original": {
        "owner": "NixOS",
        "ref": "nixos-unstable",
        "repo": "nixpkgs",
        "type": "github"
      }
    },
    "nixpkgs-lib": {
      "locked": {
        "lastModified": 1719876945,
        "narHash": "sha256-Fm2rDDs86sHy0/1jxTOKB1118Q0O3Uc7EC0iXvXKpbI=",
        "type": "tarball",
        "url": "https://github.com/NixOS/nixpkgs/archive/5daf0514482af3f97abaefc78a6606365c9108e2.tar.gz"
      },
      "original": {
        "type": "tarball",
        "url": "https://github.com/NixOS/nixpkgs/archive/5daf0514482af3f97abaefc78a6606365c9108e2.tar.gz"
      }
    },
    "nixpkgs_2": {
      "locked": {
        "lastModified": 1720768451,
        "narHash": "sha256-EYekUHJE2gxeo2pM/zM9Wlqw1Uw2XTJXOSAO79ksc4Y=",
        "owner": "nixos",
        "repo": "nixpkgs",
        "rev": "7e7c39ea35c5cdd002cd4588b03a3fb9ece6fad9",
        "type": "github"
      },
      "original": {
        "owner": "nixos",
        "ref": "nixos-unstable",
        "repo": "nixpkgs",
        "type": "github"
      }
    },
    "pre-commit-hooks": {
      "inputs": {
        "flake-compat": [
          "prismlauncher",
          "flake-compat"
        ],
        "gitignore": "gitignore",
        "nixpkgs": [
          "prismlauncher",
          "nixpkgs"
        ],
        "nixpkgs-stable": [
          "prismlauncher",
          "nixpkgs"
        ]
      },
      "locked": {
        "lastModified": 1720524665,
        "narHash": "sha256-ni/87oHPZm6Gv0ECYxr1f6uxB0UKBWJ6HvS7lwLU6oY=",
        "owner": "cachix",
        "repo": "pre-commit-hooks.nix",
        "rev": "8d6a17d0cdf411c55f12602624df6368ad86fac1",
        "type": "github"
      },
      "original": {
        "owner": "cachix",
        "repo": "pre-commit-hooks.nix",
        "type": "github"
      }
    },
    "prismlauncher": {
      "inputs": {
        "flake-compat": "flake-compat",
        "flake-parts": "flake-parts_2",
        "libnbtplusplus": "libnbtplusplus",
        "nixpkgs": [
          "nixpkgs"
        ],
        "pre-commit-hooks": "pre-commit-hooks"
      },
      "locked": {
        "lastModified": 1720942301,
        "narHash": "sha256-kimBqwoGJoj98czGAWSTApyqGfK/pUqzJyc73rMmMaA=",
        "owner": "prismlauncher",
        "repo": "prismlauncher",
        "rev": "84263cd94c7ed1e260eab0ed25ca91607039bb7e",
        "type": "github"
      },
      "original": {
        "owner": "prismlauncher",
        "repo": "prismlauncher",
        "type": "github"
      }
    },
    "quickshell": {
      "inputs": {
        "nixpkgs": [
          "nixpkgs"
        ]
      },
      "locked": {
        "lastModified": 1720849960,
        "narHash": "sha256-uT99LqCAggrfMmQPGDLSoREHg4A01qbGnG5DSeDpkaM=",
        "owner": "outfoxxed",
        "repo": "quickshell",
        "rev": "c4cc662bccbe03ee58ee2c4a7146ef802b555f74",
        "type": "github"
      },
      "original": {
        "owner": "outfoxxed",
        "repo": "quickshell",
        "type": "github"
      }
    },
    "root": {
      "inputs": {
        "chaotic": "chaotic",
        "home-manager": "home-manager_2",
        "hyprcursor": "hyprcursor",
        "hyprland": "hyprland",
        "nix-gaming": "nix-gaming",
        "nixpkgs": "nixpkgs_2",
        "prismlauncher": "prismlauncher",
        "quickshell": "quickshell",
        "swww": "swww",
        "xdg-desktop-portal-hyprland": "xdg-desktop-portal-hyprland"
      }
    },
    "swww": {
      "inputs": {
        "flake-compat": "flake-compat_2",
        "nixpkgs": [
          "nixpkgs"
        ],
        "utils": "utils"
      },
      "locked": {
        "lastModified": 1719859358,
        "narHash": "sha256-/fIC+FAav/MDnfKEr+xSpGXwkUgw/iP6lp9knPLNlII=",
        "owner": "LGFae",
        "repo": "swww",
        "rev": "2da1f57e6b0dbc2d6b62cb940a426486710cf14e",
        "type": "github"
      },
      "original": {
        "owner": "LGFae",
        "repo": "swww",
        "type": "github"
      }
    },
    "systems": {
      "locked": {
        "lastModified": 1689347949,
        "narHash": "sha256-12tWmuL2zgBgZkdoB6qXZsgJEH9LR3oUgpaQq2RbI80=",
        "owner": "nix-systems",
        "repo": "default-linux",
        "rev": "31732fcf5e8fea42e59c2488ad31a0e651500f68",
        "type": "github"
      },
      "original": {
        "owner": "nix-systems",
        "repo": "default-linux",
        "type": "github"
      }
    },
    "systems_2": {
      "locked": {
        "lastModified": 1689347949,
        "narHash": "sha256-12tWmuL2zgBgZkdoB6qXZsgJEH9LR3oUgpaQq2RbI80=",
        "owner": "nix-systems",
        "repo": "default-linux",
        "rev": "31732fcf5e8fea42e59c2488ad31a0e651500f68",
        "type": "github"
      },
      "original": {
        "owner": "nix-systems",
        "repo": "default-linux",
        "type": "github"
      }
    },
    "systems_3": {
      "locked": {
        "lastModified": 1689347949,
        "narHash": "sha256-12tWmuL2zgBgZkdoB6qXZsgJEH9LR3oUgpaQq2RbI80=",
        "owner": "nix-systems",
        "repo": "default-linux",
        "rev": "31732fcf5e8fea42e59c2488ad31a0e651500f68",
        "type": "github"
      },
      "original": {
        "owner": "nix-systems",
        "repo": "default-linux",
        "type": "github"
      }
    },
    "systems_4": {
      "locked": {
        "lastModified": 1681028828,
        "narHash": "sha256-Vy1rq5AaRuLzOxct8nz4T6wlgyUR7zLU309k9mBC768=",
        "owner": "nix-systems",
        "repo": "default",
        "rev": "da67096a3b9bf56a91d16901293e51ba5b49a27e",
        "type": "github"
      },
      "original": {
        "owner": "nix-systems",
        "repo": "default",
        "type": "github"
      }
    },
    "systems_5": {
      "locked": {
        "lastModified": 1689347949,
        "narHash": "sha256-12tWmuL2zgBgZkdoB6qXZsgJEH9LR3oUgpaQq2RbI80=",
        "owner": "nix-systems",
        "repo": "default-linux",
        "rev": "31732fcf5e8fea42e59c2488ad31a0e651500f68",
        "type": "github"
      },
      "original": {
        "owner": "nix-systems",
        "repo": "default-linux",
        "type": "github"
      }
    },
    "systems_6": {
      "locked": {
        "lastModified": 1689347949,
        "narHash": "sha256-12tWmuL2zgBgZkdoB6qXZsgJEH9LR3oUgpaQq2RbI80=",
        "owner": "nix-systems",
        "repo": "default-linux",
        "rev": "31732fcf5e8fea42e59c2488ad31a0e651500f68",
        "type": "github"
      },
      "original": {
        "owner": "nix-systems",
        "repo": "default-linux",
        "type": "github"
      }
    },
    "utils": {
      "inputs": {
        "systems": "systems_4"
      },
      "locked": {
        "lastModified": 1710146030,
        "narHash": "sha256-SZ5L6eA7HJ/nmkzGG7/ISclqe6oZdOZTNoesiInkXPQ=",
        "owner": "numtide",
        "repo": "flake-utils",
        "rev": "b1d9ab70662946ef0850d488da1c9019f3a9752a",
        "type": "github"
      },
      "original": {
        "owner": "numtide",
        "repo": "flake-utils",
        "type": "github"
      }
    },
    "xdg-desktop-portal-hyprland": {
      "inputs": {
        "hyprland-protocols": "hyprland-protocols_2",
        "hyprlang": "hyprlang_3",
        "nixpkgs": [
          "nixpkgs"
        ],
        "systems": "systems_6"
      },
      "locked": {
        "lastModified": 1720194466,
        "narHash": "sha256-Rizg9efi6ue95zOp0MeIV2ZedNo+5U9G2l6yirgBUnA=",
        "owner": "hyprwm",
        "repo": "xdg-desktop-portal-hyprland",
        "rev": "b9b97e5ba23fe7bd5fa4df54696102e8aa863cf6",
        "type": "github"
      },
      "original": {
        "owner": "hyprwm",
        "repo": "xdg-desktop-portal-hyprland",
        "type": "github"
      }
    },
    "xdph": {
      "inputs": {
        "hyprland-protocols": "hyprland-protocols",
        "hyprlang": [
          "hyprland",
          "hyprlang"
        ],
        "nixpkgs": [
          "hyprland",
          "nixpkgs"
        ],
        "systems": [
          "hyprland",
          "systems"
        ]
      },
      "locked": {
        "lastModified": 1716290197,
        "narHash": "sha256-1u9Exrc7yx9qtES2brDh7/DDZ8w8ap1nboIOAtCgeuM=",
        "owner": "hyprwm",
        "repo": "xdg-desktop-portal-hyprland",
        "rev": "91e48d6acd8a5a611d26f925e51559ab743bc438",
        "type": "github"
      },
      "original": {
        "owner": "hyprwm",
        "repo": "xdg-desktop-portal-hyprland",
        "type": "github"
      }
    },
    "yafas": {
      "inputs": {
        "flake-schemas": [
          "chaotic",
          "flake-schemas"
        ],
        "systems": [
          "chaotic",
          "systems"
        ]
      },
      "locked": {
        "lastModified": 1695926485,
        "narHash": "sha256-wNFFnItckgSs8XeYhhv8vlJs2WF09fSQaWgw4xkDqHQ=",
        "owner": "UbiqueLambda",
        "repo": "yafas",
        "rev": "7772afd6686458ca0ddbc599a52cf5d337367653",
        "type": "github"
      },
      "original": {
        "owner": "UbiqueLambda",
        "repo": "yafas",
        "type": "github"
      }
    }
  },
  "root": "root",
  "version": 7
}
